
Microsoft Visual Studio Solution File, Format Version 12.00
# Visual Studio Version 17
VisualStudioVersion = 17.3.32929.385
MinimumVisualStudioVersion = 10.0.40219.1
Project("{FAE04EC0-301F-11D3-BF4B-00C04F79EFBC}") = "OwnerAPI_Middleware", "OwnerAPI_Middleware.csproj", "{9E0F7D0E-5A6E-4C47-8029-06EBAB7B7F37}"
EndProject
Global
	GlobalSection(SolutionConfigurationPlatforms) = preSolution
		Debug|Any CPU = Debug|Any CPU
		Release|Any CPU = Release|Any CPU
	EndGlobalSection
	GlobalSection(ProjectConfigurationPlatforms) = postSolution
		{9E0F7D0E-5A6E-4C47-8029-06EBAB7B7F37}.Debug|Any CPU.ActiveCfg = Debug|Any CPU
		{9E0F7D0E-5A6E-4C47-8029-06EBAB7B7F37}.Debug|Any CPU.Build.0 = Debug|Any CPU
		{9E0F7D0E-5A6E-4C47-8029-06EBAB7B7F37}.Release|Any CPU.ActiveCfg = Release|Any CPU
		{9E0F7D0E-5A6E-4C47-8029-06EBAB7B7F37}.Release|Any CPU.Build.0 = Release|Any CPU
	EndGlobalSection
	GlobalSection(SolutionProperties) = preSolution
		HideSolutionNode = FALSE
	EndGlobalSection
	GlobalSection(ExtensibilityGlobals) = postSolution
		SolutionGuid = {7118AA93-5ABC-4DCA-9925-06571ED0C328}
	EndGlobalSection
EndGlobal
